
Microsoft Visual Studio Solution File, Format Version 12.00
# Visual Studio 15
VisualStudioVersion = 15.0.26228.4
MinimumVisualStudioVersion = 10.0.40219.1
Project("{FAE04EC0-301F-11D3-BF4B-00C04F79EFBC}") = "MvcAsync", "MvcAsync\MvcAsync.csproj", "{40E2A15B-053D-427E-B2BA-5632BCC90B48}"
EndProject
Project("{9A19103F-16F7-4668-BE54-9A1E7A4F7556}") = "MvcAsync.Test", "MvcAsync.Test\MvcAsync.Test.csproj", "{D77E3255-F279-40B6-B96E-9E83400C308C}"
EndProject
Project("{9A19103F-16F7-4668-BE54-9A1E7A4F7556}") = "MvcAsync.Benchmark", "MvcAsync.Benchmark\MvcAsync.Benchmark.csproj", "{3AF96D38-CB70-4106-8219-8B75CFB2839C}"
EndProject
Project("{FAE04EC0-301F-11D3-BF4B-00C04F79EFBC}") = "Horton.Mvc5.Async", "Horton.Mvc5.Async\Horton.Mvc5.Async.csproj", "{E2324B8C-ECC6-4392-9DF7-F9D5C6FD33CA}"
EndProject
Project("{FAE04EC0-301F-11D3-BF4B-00C04F79EFBC}") = "Horton.Mvc5.Async.Test", "Horton.Mvc5.Async.Test\Horton.Mvc5.Async.Test.csproj", "{F814A185-170A-4B0D-BAF2-115E1136D017}"
EndProject
Global
	GlobalSection(SolutionConfigurationPlatforms) = preSolution
		Debug|Any CPU = Debug|Any CPU
		Release|Any CPU = Release|Any CPU
	EndGlobalSection
	GlobalSection(ProjectConfigurationPlatforms) = postSolution
		{40E2A15B-053D-427E-B2BA-5632BCC90B48}.Debug|Any CPU.ActiveCfg = Debug|Any CPU
		{40E2A15B-053D-427E-B2BA-5632BCC90B48}.Debug|Any CPU.Build.0 = Debug|Any CPU
		{40E2A15B-053D-427E-B2BA-5632BCC90B48}.Release|Any CPU.ActiveCfg = Release|Any CPU
		{40E2A15B-053D-427E-B2BA-5632BCC90B48}.Release|Any CPU.Build.0 = Release|Any CPU
		{D77E3255-F279-40B6-B96E-9E83400C308C}.Debug|Any CPU.ActiveCfg = Debug|Any CPU
		{D77E3255-F279-40B6-B96E-9E83400C308C}.Debug|Any CPU.Build.0 = Debug|Any CPU
		{D77E3255-F279-40B6-B96E-9E83400C308C}.Release|Any CPU.ActiveCfg = Release|Any CPU
		{D77E3255-F279-40B6-B96E-9E83400C308C}.Release|Any CPU.Build.0 = Release|Any CPU
		{3AF96D38-CB70-4106-8219-8B75CFB2839C}.Debug|Any CPU.ActiveCfg = Debug|Any CPU
		{3AF96D38-CB70-4106-8219-8B75CFB2839C}.Debug|Any CPU.Build.0 = Debug|Any CPU
		{3AF96D38-CB70-4106-8219-8B75CFB2839C}.Release|Any CPU.ActiveCfg = Release|Any CPU
		{3AF96D38-CB70-4106-8219-8B75CFB2839C}.Release|Any CPU.Build.0 = Release|Any CPU
		{E2324B8C-ECC6-4392-9DF7-F9D5C6FD33CA}.Debug|Any CPU.ActiveCfg = Debug|Any CPU
		{E2324B8C-ECC6-4392-9DF7-F9D5C6FD33CA}.Debug|Any CPU.Build.0 = Debug|Any CPU
		{E2324B8C-ECC6-4392-9DF7-F9D5C6FD33CA}.Release|Any CPU.ActiveCfg = Release|Any CPU
		{E2324B8C-ECC6-4392-9DF7-F9D5C6FD33CA}.Release|Any CPU.Build.0 = Release|Any CPU
		{F814A185-170A-4B0D-BAF2-115E1136D017}.Debug|Any CPU.ActiveCfg = Debug|Any CPU
		{F814A185-170A-4B0D-BAF2-115E1136D017}.Debug|Any CPU.Build.0 = Debug|Any CPU
		{F814A185-170A-4B0D-BAF2-115E1136D017}.Release|Any CPU.ActiveCfg = Release|Any CPU
		{F814A185-170A-4B0D-BAF2-115E1136D017}.Release|Any CPU.Build.0 = Release|Any CPU
	EndGlobalSection
	GlobalSection(SolutionProperties) = preSolution
		HideSolutionNode = FALSE
	EndGlobalSection
EndGlobal
