
Microsoft Visual Studio Solution File, Format Version 12.00
# Visual Studio 15
VisualStudioVersion = 15.0.26228.4
MinimumVisualStudioVersion = 10.0.40219.1
Project("{9A19103F-16F7-4668-BE54-9A1E7A4F7556}") = "Hydrogen.Extensions.Mvc5.Async", "src\Hydrogen.Extensions.Mvc5.Async\Hydrogen.Extensions.Mvc5.Async.csproj", "{E2324B8C-ECC6-4392-9DF7-F9D5C6FD33CA}"
EndProject
Project("{9A19103F-16F7-4668-BE54-9A1E7A4F7556}") = "Hydrogen.Extensions.Mvc5.Async.Test", "test\Hydrogen.Extensions.Mvc5.Async.Test\Hydrogen.Extensions.Mvc5.Async.Test.csproj", "{F814A185-170A-4B0D-BAF2-115E1136D017}"
EndProject
Project("{2150E333-8FDC-42A3-9474-1A3956D46DE8}") = "src", "src", "{EB4B98EE-C37D-4836-89CA-6A8E4EB007AB}"
EndProject
Project("{2150E333-8FDC-42A3-9474-1A3956D46DE8}") = "test", "test", "{900FDE0F-E880-46F6-AE19-D0DCF588ED23}"
EndProject
Project("{2150E333-8FDC-42A3-9474-1A3956D46DE8}") = "sample", "sample", "{5147D50A-5A99-454E-B04A-B5BF96A455DC}"
EndProject
Project("{FAE04EC0-301F-11D3-BF4B-00C04F79EFBC}") = "Sample.Web", "sample\Sample.Web\Sample.Web.csproj", "{26AE2F7B-077A-4872-9DE6-CAB0FCA6C997}"
EndProject
Project("{FAE04EC0-301F-11D3-BF4B-00C04F79EFBC}") = "Hydrogen.Extensions.Mvc5.Async.Benchmark", "test\Hydrogen.Extensions.Mvc5.Async.Benchmark\Hydrogen.Extensions.Mvc5.Async.Benchmark.csproj", "{855B06DF-C932-43CD-A928-4C9267BE7DDC}"
EndProject
Project("{2150E333-8FDC-42A3-9474-1A3956D46DE8}") = "files", "files", "{80E78849-F840-4B39-A9CF-E24C0D6616B2}"
	ProjectSection(SolutionItems) = preProject
		.gitignore = .gitignore
		ACKNOWLEDGEMENTS.txt = ACKNOWLEDGEMENTS.txt
		LICENSE = LICENSE
		README.md = README.md
	EndProjectSection
EndProject
Global
	GlobalSection(SolutionConfigurationPlatforms) = preSolution
		Debug|Any CPU = Debug|Any CPU
		Release|Any CPU = Release|Any CPU
	EndGlobalSection
	GlobalSection(ProjectConfigurationPlatforms) = postSolution
		{E2324B8C-ECC6-4392-9DF7-F9D5C6FD33CA}.Debug|Any CPU.ActiveCfg = Debug|Any CPU
		{E2324B8C-ECC6-4392-9DF7-F9D5C6FD33CA}.Debug|Any CPU.Build.0 = Debug|Any CPU
		{E2324B8C-ECC6-4392-9DF7-F9D5C6FD33CA}.Release|Any CPU.ActiveCfg = Release|Any CPU
		{E2324B8C-ECC6-4392-9DF7-F9D5C6FD33CA}.Release|Any CPU.Build.0 = Release|Any CPU
		{F814A185-170A-4B0D-BAF2-115E1136D017}.Debug|Any CPU.ActiveCfg = Debug|Any CPU
		{F814A185-170A-4B0D-BAF2-115E1136D017}.Debug|Any CPU.Build.0 = Debug|Any CPU
		{F814A185-170A-4B0D-BAF2-115E1136D017}.Release|Any CPU.ActiveCfg = Release|Any CPU
		{F814A185-170A-4B0D-BAF2-115E1136D017}.Release|Any CPU.Build.0 = Release|Any CPU
		{26AE2F7B-077A-4872-9DE6-CAB0FCA6C997}.Debug|Any CPU.ActiveCfg = Debug|Any CPU
		{26AE2F7B-077A-4872-9DE6-CAB0FCA6C997}.Debug|Any CPU.Build.0 = Debug|Any CPU
		{26AE2F7B-077A-4872-9DE6-CAB0FCA6C997}.Release|Any CPU.ActiveCfg = Release|Any CPU
		{26AE2F7B-077A-4872-9DE6-CAB0FCA6C997}.Release|Any CPU.Build.0 = Release|Any CPU
		{855B06DF-C932-43CD-A928-4C9267BE7DDC}.Debug|Any CPU.ActiveCfg = Debug|Any CPU
		{855B06DF-C932-43CD-A928-4C9267BE7DDC}.Debug|Any CPU.Build.0 = Debug|Any CPU
		{855B06DF-C932-43CD-A928-4C9267BE7DDC}.Release|Any CPU.ActiveCfg = Release|Any CPU
		{855B06DF-C932-43CD-A928-4C9267BE7DDC}.Release|Any CPU.Build.0 = Release|Any CPU
	EndGlobalSection
	GlobalSection(SolutionProperties) = preSolution
		HideSolutionNode = FALSE
	EndGlobalSection
	GlobalSection(NestedProjects) = preSolution
		{E2324B8C-ECC6-4392-9DF7-F9D5C6FD33CA} = {EB4B98EE-C37D-4836-89CA-6A8E4EB007AB}
		{F814A185-170A-4B0D-BAF2-115E1136D017} = {900FDE0F-E880-46F6-AE19-D0DCF588ED23}
		{26AE2F7B-077A-4872-9DE6-CAB0FCA6C997} = {5147D50A-5A99-454E-B04A-B5BF96A455DC}
		{855B06DF-C932-43CD-A928-4C9267BE7DDC} = {900FDE0F-E880-46F6-AE19-D0DCF588ED23}
	EndGlobalSection
EndGlobal
